// !$*UTF8*$!
{
	archiveVersion = 1;
	classes = {
	};
	objectVersion = 46;
	objects = {

/* Begin PBXBuildFile section */
		67BE95F31CBD3CF900FFDA75 /* TintRed.fsh in Resources */ = {isa = PBXBuildFile; fileRef = 67BE95F21CBD3CF900FFDA75 /* TintRed.fsh */; };
		67BE95F51CBD3DF600FFDA75 /* WaterRipple.fsh in Resources */ = {isa = PBXBuildFile; fileRef = 67BE95F41CBD3DF600FFDA75 /* WaterRipple.fsh */; };
		8425D6EB1C865BAF0018182D /* CGFloat+Extensions.swift in Sources */ = {isa = PBXBuildFile; fileRef = 8425D6DF1C865BAF0018182D /* CGFloat+Extensions.swift */; };
		8425D6EC1C865BAF0018182D /* CGPoint+Extensions.swift in Sources */ = {isa = PBXBuildFile; fileRef = 8425D6E01C865BAF0018182D /* CGPoint+Extensions.swift */; };
		8425D6ED1C865BAF0018182D /* CGVector+Extensions.swift in Sources */ = {isa = PBXBuildFile; fileRef = 8425D6E11C865BAF0018182D /* CGVector+Extensions.swift */; };
		8425D6EE1C865BAF0018182D /* Int+Extensions.swift in Sources */ = {isa = PBXBuildFile; fileRef = 8425D6E21C865BAF0018182D /* Int+Extensions.swift */; };
		8425D6EF1C865BAF0018182D /* SKAction+Extensions.swift in Sources */ = {isa = PBXBuildFile; fileRef = 8425D6E31C865BAF0018182D /* SKAction+Extensions.swift */; };
		8425D6F01C865BAF0018182D /* SKAction+SpecialEffects.swift in Sources */ = {isa = PBXBuildFile; fileRef = 8425D6E41C865BAF0018182D /* SKAction+SpecialEffects.swift */; };
		8425D6F11C865BAF0018182D /* SKColor+Extensions.swift in Sources */ = {isa = PBXBuildFile; fileRef = 8425D6E51C865BAF0018182D /* SKColor+Extensions.swift */; };
		8425D6F21C865BAF0018182D /* SKNode+Extensions.swift in Sources */ = {isa = PBXBuildFile; fileRef = 8425D6E61C865BAF0018182D /* SKNode+Extensions.swift */; };
		8425D6F31C865BAF0018182D /* SKTAudio.swift in Sources */ = {isa = PBXBuildFile; fileRef = 8425D6E71C865BAF0018182D /* SKTAudio.swift */; };
		8425D6F41C865BAF0018182D /* SKTEffects.swift in Sources */ = {isa = PBXBuildFile; fileRef = 8425D6E81C865BAF0018182D /* SKTEffects.swift */; };
		8425D6F51C865BAF0018182D /* SKTTimingFunctions.swift in Sources */ = {isa = PBXBuildFile; fileRef = 8425D6E91C865BAF0018182D /* SKTTimingFunctions.swift */; };
		8425D6F61C865BAF0018182D /* Vector3.swift in Sources */ = {isa = PBXBuildFile; fileRef = 8425D6EA1C865BAF0018182D /* Vector3.swift */; };
		8425D6F81C8691D90018182D /* CoreMotion.framework in Frameworks */ = {isa = PBXBuildFile; fileRef = 8425D6F71C8691D90018182D /* CoreMotion.framework */; };
		8469F0F71CB5F90200605CA5 /* MyUtils.swift in Sources */ = {isa = PBXBuildFile; fileRef = 8469F0F61CB5F90200605CA5 /* MyUtils.swift */; };
		8469F0FD1CB6091F00605CA5 /* DefaultsManager.swift in Sources */ = {isa = PBXBuildFile; fileRef = 8469F0FC1CB6091F00605CA5 /* DefaultsManager.swift */; };
		8469F0FF1CB6095300605CA5 /* MotionManager.swift in Sources */ = {isa = PBXBuildFile; fileRef = 8469F0FE1CB6095300605CA5 /* MotionManager.swift */; };
		84C71E4F1C8649A400E5EC98 /* AppDelegate.swift in Sources */ = {isa = PBXBuildFile; fileRef = 84C71E4E1C8649A400E5EC98 /* AppDelegate.swift */; };
		84C71E511C8649A400E5EC98 /* GameScene1.sks in Resources */ = {isa = PBXBuildFile; fileRef = 84C71E501C8649A400E5EC98 /* GameScene1.sks */; };
		84C71E531C8649A400E5EC98 /* GameScene.swift in Sources */ = {isa = PBXBuildFile; fileRef = 84C71E521C8649A400E5EC98 /* GameScene.swift */; };
		84C71E551C8649A400E5EC98 /* GameViewController.swift in Sources */ = {isa = PBXBuildFile; fileRef = 84C71E541C8649A400E5EC98 /* GameViewController.swift */; };
		84C71E581C8649A400E5EC98 /* Main.storyboard in Resources */ = {isa = PBXBuildFile; fileRef = 84C71E561C8649A400E5EC98 /* Main.storyboard */; };
		84C71E5A1C8649A400E5EC98 /* Assets.xcassets in Resources */ = {isa = PBXBuildFile; fileRef = 84C71E591C8649A400E5EC98 /* Assets.xcassets */; };
		84C71E5D1C8649A400E5EC98 /* LaunchScreen.storyboard in Resources */ = {isa = PBXBuildFile; fileRef = 84C71E5B1C8649A400E5EC98 /* LaunchScreen.storyboard */; };
		CB14D0F81CCF52CA00E576A3 /* ParticleEffect.scnp in Resources */ = {isa = PBXBuildFile; fileRef = CB14D0F61CCF52CA00E576A3 /* ParticleEffect.scnp */; };
		CB14D0FC1CCF550D00E576A3 /* Confetti.scnp in Resources */ = {isa = PBXBuildFile; fileRef = CB14D0FA1CCF550D00E576A3 /* Confetti.scnp */; };
		CB14D0FD1CCF550D00E576A3 /* confetti.png in Resources */ = {isa = PBXBuildFile; fileRef = CB14D0FB1CCF550D00E576A3 /* confetti.png */; };
		CB14D0FF1CCF6C7200E576A3 /* RussianSailorDance.mp3 in Resources */ = {isa = PBXBuildFile; fileRef = CB14D0FE1CCF6C7200E576A3 /* RussianSailorDance.mp3 */; };
		CB14D1011CCF6D1800E576A3 /* background-music-aac.caf in Resources */ = {isa = PBXBuildFile; fileRef = CB14D1001CCF6D1800E576A3 /* background-music-aac.caf */; };
		CB14D1031CCF6DBE00E576A3 /* superWoosh.wav in Resources */ = {isa = PBXBuildFile; fileRef = CB14D1021CCF6DBE00E576A3 /* superWoosh.wav */; };
		CB14D1051CCF6EE100E576A3 /* clickSparkle.mp3 in Resources */ = {isa = PBXBuildFile; fileRef = CB14D1041CCF6EE100E576A3 /* clickSparkle.mp3 */; };
		CB14D1071CCF6F9E00E576A3 /* menuClick.wav in Resources */ = {isa = PBXBuildFile; fileRef = CB14D1061CCF6F9E00E576A3 /* menuClick.wav */; };
		CB1A25DB1CCF3CDC0050C659 /* StageSelect.swift in Sources */ = {isa = PBXBuildFile; fileRef = CB1A25DA1CCF3CDC0050C659 /* StageSelect.swift */; };
		CB1C4E831CCEF98F00E84E8E /* ObjectiveAnimation.sks in Resources */ = {isa = PBXBuildFile; fileRef = CB1C4E821CCEF98F00E84E8E /* ObjectiveAnimation.sks */; };
		CB1C4E881CCF1C7A00E84E8E /* GameScene4.sks in Resources */ = {isa = PBXBuildFile; fileRef = CB1C4E861CCF1C7A00E84E8E /* GameScene4.sks */; };
		CB1C4E891CCF1C7A00E84E8E /* GameScene5.sks in Resources */ = {isa = PBXBuildFile; fileRef = CB1C4E871CCF1C7A00E84E8E /* GameScene5.sks */; };
		CB52D3761CCDB5D700CBDF16 /* HomeScene.swift in Sources */ = {isa = PBXBuildFile; fileRef = CB52D3751CCDB5D700CBDF16 /* HomeScene.swift */; };
		CB52D3781CCDBE7B00CBDF16 /* GameScene2.sks in Resources */ = {isa = PBXBuildFile; fileRef = CB52D3771CCDBE7B00CBDF16 /* GameScene2.sks */; };
		CB52D37A1CCDBE8100CBDF16 /* GameScene3.sks in Resources */ = {isa = PBXBuildFile; fileRef = CB52D3791CCDBE8100CBDF16 /* GameScene3.sks */; };
		CB52D37D1CCDC50700CBDF16 /* Portal.swift in Sources */ = {isa = PBXBuildFile; fileRef = CB52D37C1CCDC50700CBDF16 /* Portal.swift */; };
		CB8011901CE16641006EB953 /* Area1.wav in Resources */ = {isa = PBXBuildFile; fileRef = CB8011891CE16641006EB953 /* Area1.wav */; };
		CB8011911CE16641006EB953 /* Area2.wav in Resources */ = {isa = PBXBuildFile; fileRef = CB80118A1CE16641006EB953 /* Area2.wav */; };
		CB8011921CE16641006EB953 /* Area3.wav in Resources */ = {isa = PBXBuildFile; fileRef = CB80118B1CE16641006EB953 /* Area3.wav */; };
		CB8011931CE16641006EB953 /* Area4.wav in Resources */ = {isa = PBXBuildFile; fileRef = CB80118C1CE16641006EB953 /* Area4.wav */; };
		CB8011941CE16641006EB953 /* BossMusic.wav in Resources */ = {isa = PBXBuildFile; fileRef = CB80118D1CE16641006EB953 /* BossMusic.wav */; };
		CB8011951CE16641006EB953 /* Credits.wav in Resources */ = {isa = PBXBuildFile; fileRef = CB80118E1CE16641006EB953 /* Credits.wav */; };
		CB8011961CE16641006EB953 /* IntenseLevelMusic.wav in Resources */ = {isa = PBXBuildFile; fileRef = CB80118F1CE16641006EB953 /* IntenseLevelMusic.wav */; };
		CB8011981CE1668A006EB953 /* HomeScreenTheme.wav in Resources */ = {isa = PBXBuildFile; fileRef = CB8011971CE1668A006EB953 /* HomeScreenTheme.wav */; };
		CB80119B1CE16B77006EB953 /* GameScene6.sks in Resources */ = {isa = PBXBuildFile; fileRef = CB80119A1CE16B77006EB953 /* GameScene6.sks */; };
		CB8011A01CE16C4B006EB953 /* GameScene7.sks in Resources */ = {isa = PBXBuildFile; fileRef = CB80119C1CE16C4B006EB953 /* GameScene7.sks */; };
		CB8011A11CE16C4B006EB953 /* GameScene8.sks in Resources */ = {isa = PBXBuildFile; fileRef = CB80119D1CE16C4B006EB953 /* GameScene8.sks */; };
		CB8011A21CE16C4B006EB953 /* GameScene9.sks in Resources */ = {isa = PBXBuildFile; fileRef = CB80119E1CE16C4B006EB953 /* GameScene9.sks */; };
		CB8011A31CE16C4B006EB953 /* GameScene10.sks in Resources */ = {isa = PBXBuildFile; fileRef = CB80119F1CE16C4B006EB953 /* GameScene10.sks */; };
/* End PBXBuildFile section */

/* Begin PBXFileReference section */
		67BE95F21CBD3CF900FFDA75 /* TintRed.fsh */ = {isa = PBXFileReference; fileEncoding = 4; lastKnownFileType = sourcecode.glsl; path = TintRed.fsh; sourceTree = "<group>"; };
		67BE95F41CBD3DF600FFDA75 /* WaterRipple.fsh */ = {isa = PBXFileReference; fileEncoding = 4; lastKnownFileType = sourcecode.glsl; name = WaterRipple.fsh; path = ../WaterRipple.fsh; sourceTree = "<group>"; };
		8425D6DF1C865BAF0018182D /* CGFloat+Extensions.swift */ = {isa = PBXFileReference; fileEncoding = 4; lastKnownFileType = sourcecode.swift; path = "CGFloat+Extensions.swift"; sourceTree = "<group>"; };
		8425D6E01C865BAF0018182D /* CGPoint+Extensions.swift */ = {isa = PBXFileReference; fileEncoding = 4; lastKnownFileType = sourcecode.swift; path = "CGPoint+Extensions.swift"; sourceTree = "<group>"; };
		8425D6E11C865BAF0018182D /* CGVector+Extensions.swift */ = {isa = PBXFileReference; fileEncoding = 4; lastKnownFileType = sourcecode.swift; path = "CGVector+Extensions.swift"; sourceTree = "<group>"; };
		8425D6E21C865BAF0018182D /* Int+Extensions.swift */ = {isa = PBXFileReference; fileEncoding = 4; lastKnownFileType = sourcecode.swift; path = "Int+Extensions.swift"; sourceTree = "<group>"; };
		8425D6E31C865BAF0018182D /* SKAction+Extensions.swift */ = {isa = PBXFileReference; fileEncoding = 4; lastKnownFileType = sourcecode.swift; path = "SKAction+Extensions.swift"; sourceTree = "<group>"; };
		8425D6E41C865BAF0018182D /* SKAction+SpecialEffects.swift */ = {isa = PBXFileReference; fileEncoding = 4; lastKnownFileType = sourcecode.swift; path = "SKAction+SpecialEffects.swift"; sourceTree = "<group>"; };
		8425D6E51C865BAF0018182D /* SKColor+Extensions.swift */ = {isa = PBXFileReference; fileEncoding = 4; lastKnownFileType = sourcecode.swift; path = "SKColor+Extensions.swift"; sourceTree = "<group>"; };
		8425D6E61C865BAF0018182D /* SKNode+Extensions.swift */ = {isa = PBXFileReference; fileEncoding = 4; lastKnownFileType = sourcecode.swift; path = "SKNode+Extensions.swift"; sourceTree = "<group>"; };
		8425D6E71C865BAF0018182D /* SKTAudio.swift */ = {isa = PBXFileReference; fileEncoding = 4; lastKnownFileType = sourcecode.swift; path = SKTAudio.swift; sourceTree = "<group>"; };
		8425D6E81C865BAF0018182D /* SKTEffects.swift */ = {isa = PBXFileReference; fileEncoding = 4; lastKnownFileType = sourcecode.swift; path = SKTEffects.swift; sourceTree = "<group>"; };
		8425D6E91C865BAF0018182D /* SKTTimingFunctions.swift */ = {isa = PBXFileReference; fileEncoding = 4; lastKnownFileType = sourcecode.swift; path = SKTTimingFunctions.swift; sourceTree = "<group>"; };
		8425D6EA1C865BAF0018182D /* Vector3.swift */ = {isa = PBXFileReference; fileEncoding = 4; lastKnownFileType = sourcecode.swift; path = Vector3.swift; sourceTree = "<group>"; };
		8425D6F71C8691D90018182D /* CoreMotion.framework */ = {isa = PBXFileReference; lastKnownFileType = wrapper.framework; name = CoreMotion.framework; path = System/Library/Frameworks/CoreMotion.framework; sourceTree = SDKROOT; };
		8469F0F61CB5F90200605CA5 /* MyUtils.swift */ = {isa = PBXFileReference; fileEncoding = 4; lastKnownFileType = sourcecode.swift; path = MyUtils.swift; sourceTree = "<group>"; };
		8469F0FC1CB6091F00605CA5 /* DefaultsManager.swift */ = {isa = PBXFileReference; fileEncoding = 4; lastKnownFileType = sourcecode.swift; path = DefaultsManager.swift; sourceTree = "<group>"; };
		8469F0FE1CB6095300605CA5 /* MotionManager.swift */ = {isa = PBXFileReference; fileEncoding = 4; lastKnownFileType = sourcecode.swift; path = MotionManager.swift; sourceTree = "<group>"; };
		84C71E4B1C8649A400E5EC98 /* PuzPortler.app */ = {isa = PBXFileReference; explicitFileType = wrapper.application; includeInIndex = 0; path = PuzPortler.app; sourceTree = BUILT_PRODUCTS_DIR; };
		84C71E4E1C8649A400E5EC98 /* AppDelegate.swift */ = {isa = PBXFileReference; lastKnownFileType = sourcecode.swift; path = AppDelegate.swift; sourceTree = "<group>"; };
		84C71E501C8649A400E5EC98 /* GameScene1.sks */ = {isa = PBXFileReference; lastKnownFileType = file.sks; path = GameScene1.sks; sourceTree = "<group>"; };
		84C71E521C8649A400E5EC98 /* GameScene.swift */ = {isa = PBXFileReference; lastKnownFileType = sourcecode.swift; path = GameScene.swift; sourceTree = "<group>"; };
		84C71E541C8649A400E5EC98 /* GameViewController.swift */ = {isa = PBXFileReference; lastKnownFileType = sourcecode.swift; path = GameViewController.swift; sourceTree = "<group>"; };
		84C71E571C8649A400E5EC98 /* Base */ = {isa = PBXFileReference; lastKnownFileType = file.storyboard; name = Base; path = Base.lproj/Main.storyboard; sourceTree = "<group>"; };
		84C71E591C8649A400E5EC98 /* Assets.xcassets */ = {isa = PBXFileReference; lastKnownFileType = folder.assetcatalog; path = Assets.xcassets; sourceTree = "<group>"; };
		84C71E5C1C8649A400E5EC98 /* Base */ = {isa = PBXFileReference; lastKnownFileType = file.storyboard; name = Base; path = Base.lproj/LaunchScreen.storyboard; sourceTree = "<group>"; };
		84C71E5E1C8649A400E5EC98 /* Info.plist */ = {isa = PBXFileReference; lastKnownFileType = text.plist.xml; path = Info.plist; sourceTree = "<group>"; };
		CB14D0F61CCF52CA00E576A3 /* ParticleEffect.scnp */ = {isa = PBXFileReference; lastKnownFileType = file.scp; name = ParticleEffect.scnp; path = ../ParticleEffect.scnp; sourceTree = "<group>"; };
		CB14D0FA1CCF550D00E576A3 /* Confetti.scnp */ = {isa = PBXFileReference; lastKnownFileType = file.scp; path = Confetti.scnp; sourceTree = "<group>"; };
		CB14D0FB1CCF550D00E576A3 /* confetti.png */ = {isa = PBXFileReference; lastKnownFileType = image.png; path = confetti.png; sourceTree = "<group>"; };
		CB14D0FE1CCF6C7200E576A3 /* RussianSailorDance.mp3 */ = {isa = PBXFileReference; lastKnownFileType = audio.mp3; name = RussianSailorDance.mp3; path = SKTUtils/RussianSailorDance.mp3; sourceTree = "<group>"; };
		CB14D1001CCF6D1800E576A3 /* background-music-aac.caf */ = {isa = PBXFileReference; lastKnownFileType = file; path = "background-music-aac.caf"; sourceTree = "<group>"; };
		CB14D1021CCF6DBE00E576A3 /* superWoosh.wav */ = {isa = PBXFileReference; lastKnownFileType = audio.wav; path = superWoosh.wav; sourceTree = "<group>"; };
		CB14D1041CCF6EE100E576A3 /* clickSparkle.mp3 */ = {isa = PBXFileReference; lastKnownFileType = audio.mp3; path = clickSparkle.mp3; sourceTree = "<group>"; };
		CB14D1061CCF6F9E00E576A3 /* menuClick.wav */ = {isa = PBXFileReference; lastKnownFileType = audio.wav; path = menuClick.wav; sourceTree = "<group>"; };
		CB1A25DA1CCF3CDC0050C659 /* StageSelect.swift */ = {isa = PBXFileReference; fileEncoding = 4; lastKnownFileType = sourcecode.swift; path = StageSelect.swift; sourceTree = "<group>"; };
		CB1C4E821CCEF98F00E84E8E /* ObjectiveAnimation.sks */ = {isa = PBXFileReference; lastKnownFileType = file.sks; path = ObjectiveAnimation.sks; sourceTree = "<group>"; };
		CB1C4E861CCF1C7A00E84E8E /* GameScene4.sks */ = {isa = PBXFileReference; lastKnownFileType = file.sks; path = GameScene4.sks; sourceTree = "<group>"; };
		CB1C4E871CCF1C7A00E84E8E /* GameScene5.sks */ = {isa = PBXFileReference; lastKnownFileType = file.sks; path = GameScene5.sks; sourceTree = "<group>"; };
		CB52D3751CCDB5D700CBDF16 /* HomeScene.swift */ = {isa = PBXFileReference; fileEncoding = 4; lastKnownFileType = sourcecode.swift; path = HomeScene.swift; sourceTree = "<group>"; };
		CB52D3771CCDBE7B00CBDF16 /* GameScene2.sks */ = {isa = PBXFileReference; lastKnownFileType = file.sks; path = GameScene2.sks; sourceTree = "<group>"; };
		CB52D3791CCDBE8100CBDF16 /* GameScene3.sks */ = {isa = PBXFileReference; lastKnownFileType = file.sks; path = GameScene3.sks; sourceTree = "<group>"; };
		CB52D37C1CCDC50700CBDF16 /* Portal.swift */ = {isa = PBXFileReference; fileEncoding = 4; lastKnownFileType = sourcecode.swift; path = Portal.swift; sourceTree = "<group>"; };
		CB8011891CE16641006EB953 /* Area1.wav */ = {isa = PBXFileReference; lastKnownFileType = audio.wav; path = Area1.wav; sourceTree = "<group>"; };
		CB80118A1CE16641006EB953 /* Area2.wav */ = {isa = PBXFileReference; lastKnownFileType = audio.wav; path = Area2.wav; sourceTree = "<group>"; };
		CB80118B1CE16641006EB953 /* Area3.wav */ = {isa = PBXFileReference; lastKnownFileType = audio.wav; path = Area3.wav; sourceTree = "<group>"; };
		CB80118C1CE16641006EB953 /* Area4.wav */ = {isa = PBXFileReference; lastKnownFileType = audio.wav; path = Area4.wav; sourceTree = "<group>"; };
		CB80118D1CE16641006EB953 /* BossMusic.wav */ = {isa = PBXFileReference; lastKnownFileType = audio.wav; path = BossMusic.wav; sourceTree = "<group>"; };
		CB80118E1CE16641006EB953 /* Credits.wav */ = {isa = PBXFileReference; lastKnownFileType = audio.wav; path = Credits.wav; sourceTree = "<group>"; };
		CB80118F1CE16641006EB953 /* IntenseLevelMusic.wav */ = {isa = PBXFileReference; lastKnownFileType = audio.wav; path = IntenseLevelMusic.wav; sourceTree = "<group>"; };
		CB8011971CE1668A006EB953 /* HomeScreenTheme.wav */ = {isa = PBXFileReference; lastKnownFileType = audio.wav; path = HomeScreenTheme.wav; sourceTree = "<group>"; };
		CB80119A1CE16B77006EB953 /* GameScene6.sks */ = {isa = PBXFileReference; lastKnownFileType = file.sks; path = GameScene6.sks; sourceTree = "<group>"; };
		CB80119C1CE16C4B006EB953 /* GameScene7.sks */ = {isa = PBXFileReference; lastKnownFileType = file.sks; path = GameScene7.sks; sourceTree = "<group>"; };
		CB80119D1CE16C4B006EB953 /* GameScene8.sks */ = {isa = PBXFileReference; lastKnownFileType = file.sks; path = GameScene8.sks; sourceTree = "<group>"; };
		CB80119E1CE16C4B006EB953 /* GameScene9.sks */ = {isa = PBXFileReference; lastKnownFileType = file.sks; path = GameScene9.sks; sourceTree = "<group>"; };
		CB80119F1CE16C4B006EB953 /* GameScene10.sks */ = {isa = PBXFileReference; lastKnownFileType = file.sks; path = GameScene10.sks; sourceTree = "<group>"; };
/* End PBXFileReference section */

/* Begin PBXFrameworksBuildPhase section */
		84C71E481C8649A400E5EC98 /* Frameworks */ = {
			isa = PBXFrameworksBuildPhase;
			buildActionMask = 2147483647;
			files = (
				8425D6F81C8691D90018182D /* CoreMotion.framework in Frameworks */,
			);
			runOnlyForDeploymentPostprocessing = 0;
		};
/* End PBXFrameworksBuildPhase section */

/* Begin PBXGroup section */
		8425D6DE1C865BAF0018182D /* SKTUtils */ = {
			isa = PBXGroup;
			children = (
				8425D6DF1C865BAF0018182D /* CGFloat+Extensions.swift */,
				8425D6E01C865BAF0018182D /* CGPoint+Extensions.swift */,
				8425D6E11C865BAF0018182D /* CGVector+Extensions.swift */,
				8425D6E21C865BAF0018182D /* Int+Extensions.swift */,
				8425D6E31C865BAF0018182D /* SKAction+Extensions.swift */,
				8425D6E41C865BAF0018182D /* SKAction+SpecialEffects.swift */,
				8425D6E51C865BAF0018182D /* SKColor+Extensions.swift */,
				8425D6E61C865BAF0018182D /* SKNode+Extensions.swift */,
				8425D6E71C865BAF0018182D /* SKTAudio.swift */,
				8425D6E81C865BAF0018182D /* SKTEffects.swift */,
				8425D6E91C865BAF0018182D /* SKTTimingFunctions.swift */,
				8425D6EA1C865BAF0018182D /* Vector3.swift */,
			);
			path = SKTUtils;
			sourceTree = "<group>";
		};
		8469F0F81CB5FBCF00605CA5 /* Scene Editor Files */ = {
			isa = PBXGroup;
			children = (
				CB8011991CE16B65006EB953 /* Area2 */,
				CB8011871CE157C6006EB953 /* Area 1 */,
			);
			name = "Scene Editor Files";
			sourceTree = "<group>";
		};
		8469F0F91CB5FBE100605CA5 /* Scenes */ = {
			isa = PBXGroup;
			children = (
				84C71E521C8649A400E5EC98 /* GameScene.swift */,
				CB52D3751CCDB5D700CBDF16 /* HomeScene.swift */,
				CB1A25DA1CCF3CDC0050C659 /* StageSelect.swift */,
			);
			name = Scenes;
			sourceTree = "<group>";
		};
		8469F0FA1CB5FBEC00605CA5 /* VC */ = {
			isa = PBXGroup;
			children = (
				84C71E541C8649A400E5EC98 /* GameViewController.swift */,
			);
			name = VC;
			sourceTree = "<group>";
		};
		8469F0FB1CB5FBFB00605CA5 /* Model */ = {
			isa = PBXGroup;
			children = (
				8469F0FC1CB6091F00605CA5 /* DefaultsManager.swift */,
				8469F0FE1CB6095300605CA5 /* MotionManager.swift */,
				8469F0F61CB5F90200605CA5 /* MyUtils.swift */,
			);
			name = Model;
			sourceTree = "<group>";
		};
		84C71E421C8649A400E5EC98 = {
			isa = PBXGroup;
			children = (
				8425D6F71C8691D90018182D /* CoreMotion.framework */,
				84C71E4D1C8649A400E5EC98 /* PhysicsPlayground */,
				84C71E4C1C8649A400E5EC98 /* Products */,
			);
			sourceTree = "<group>";
		};
		84C71E4C1C8649A400E5EC98 /* Products */ = {
			isa = PBXGroup;
			children = (
				84C71E4B1C8649A400E5EC98 /* PuzPortler.app */,
			);
			name = Products;
			sourceTree = "<group>";
		};
		84C71E4D1C8649A400E5EC98 /* PhysicsPlayground */ = {
			isa = PBXGroup;
			children = (
				CB8011881CE16586006EB953 /* Sound */,
				CB52D37B1CCDC4EB00CBDF16 /* Sprites */,
				84C71E4E1C8649A400E5EC98 /* AppDelegate.swift */,
				8469F0FA1CB5FBEC00605CA5 /* VC */,
				8469F0F91CB5FBE100605CA5 /* Scenes */,
				8469F0FB1CB5FBFB00605CA5 /* Model */,
				8469F0F81CB5FBCF00605CA5 /* Scene Editor Files */,
				8425D6DE1C865BAF0018182D /* SKTUtils */,
				84C71E561C8649A400E5EC98 /* Main.storyboard */,
				84C71E591C8649A400E5EC98 /* Assets.xcassets */,
				84C71E5B1C8649A400E5EC98 /* LaunchScreen.storyboard */,
				84C71E5E1C8649A400E5EC98 /* Info.plist */,
				67BE95F21CBD3CF900FFDA75 /* TintRed.fsh */,
				67BE95F41CBD3DF600FFDA75 /* WaterRipple.fsh */,
				CB14D0FA1CCF550D00E576A3 /* Confetti.scnp */,
				CB14D0FB1CCF550D00E576A3 /* confetti.png */,
				CB14D0F61CCF52CA00E576A3 /* ParticleEffect.scnp */,
			);
			path = PhysicsPlayground;
			sourceTree = "<group>";
		};
		CB52D37B1CCDC4EB00CBDF16 /* Sprites */ = {
			isa = PBXGroup;
			children = (
				CB52D37C1CCDC50700CBDF16 /* Portal.swift */,
				CB1C4E821CCEF98F00E84E8E /* ObjectiveAnimation.sks */,
			);
			name = Sprites;
			sourceTree = "<group>";
		};
		CB8011871CE157C6006EB953 /* Area 1 */ = {
			isa = PBXGroup;
			children = (
				CB1C4E861CCF1C7A00E84E8E /* GameScene4.sks */,
				CB1C4E871CCF1C7A00E84E8E /* GameScene5.sks */,
				CB52D3791CCDBE8100CBDF16 /* GameScene3.sks */,
				CB52D3771CCDBE7B00CBDF16 /* GameScene2.sks */,
				84C71E501C8649A400E5EC98 /* GameScene1.sks */,
			);
			name = "Area 1";
			sourceTree = "<group>";
		};
		CB8011881CE16586006EB953 /* Sound */ = {
			isa = PBXGroup;
			children = (
				CB8011971CE1668A006EB953 /* HomeScreenTheme.wav */,
				CB8011891CE16641006EB953 /* Area1.wav */,
				CB80118A1CE16641006EB953 /* Area2.wav */,
				CB80118B1CE16641006EB953 /* Area3.wav */,
				CB80118C1CE16641006EB953 /* Area4.wav */,
				CB80118D1CE16641006EB953 /* BossMusic.wav */,
				CB80118E1CE16641006EB953 /* Credits.wav */,
				CB80118F1CE16641006EB953 /* IntenseLevelMusic.wav */,
				CB14D1001CCF6D1800E576A3 /* background-music-aac.caf */,
				CB14D1041CCF6EE100E576A3 /* clickSparkle.mp3 */,
				CB14D1021CCF6DBE00E576A3 /* superWoosh.wav */,
				CB14D0FE1CCF6C7200E576A3 /* RussianSailorDance.mp3 */,
				CB14D1061CCF6F9E00E576A3 /* menuClick.wav */,
			);
			name = Sound;
			sourceTree = "<group>";
		};
		CB8011991CE16B65006EB953 /* Area2 */ = {
			isa = PBXGroup;
			children = (
				CB80119C1CE16C4B006EB953 /* GameScene7.sks */,
				CB80119D1CE16C4B006EB953 /* GameScene8.sks */,
				CB80119E1CE16C4B006EB953 /* GameScene9.sks */,
				CB80119F1CE16C4B006EB953 /* GameScene10.sks */,
				CB80119A1CE16B77006EB953 /* GameScene6.sks */,
			);
			name = Area2;
			sourceTree = "<group>";
		};
/* End PBXGroup section */

/* Begin PBXNativeTarget section */
		84C71E4A1C8649A400E5EC98 /* PuzPortler */ = {
			isa = PBXNativeTarget;
			buildConfigurationList = 84C71E611C8649A400E5EC98 /* Build configuration list for PBXNativeTarget "PuzPortler" */;
			buildPhases = (
				84C71E471C8649A400E5EC98 /* Sources */,
				84C71E481C8649A400E5EC98 /* Frameworks */,
				84C71E491C8649A400E5EC98 /* Resources */,
			);
			buildRules = (
			);
			dependencies = (
			);
			name = PuzPortler;
			productName = PhysicsPlayground;
			productReference = 84C71E4B1C8649A400E5EC98 /* PuzPortler.app */;
			productType = "com.apple.product-type.application";
		};
/* End PBXNativeTarget section */

/* Begin PBXProject section */
		84C71E431C8649A400E5EC98 /* Project object */ = {
			isa = PBXProject;
			attributes = {
				LastSwiftUpdateCheck = 0720;
				LastUpgradeCheck = 0720;
				ORGANIZATIONNAME = tony;
				TargetAttributes = {
					84C71E4A1C8649A400E5EC98 = {
						CreatedOnToolsVersion = 7.2.1;
						DevelopmentTeam = 3QG3CY8533;
					};
				};
			};
			buildConfigurationList = 84C71E461C8649A400E5EC98 /* Build configuration list for PBXProject "PuzPortler" */;
			compatibilityVersion = "Xcode 3.2";
			developmentRegion = English;
			hasScannedForEncodings = 0;
			knownRegions = (
				en,
				Base,
			);
			mainGroup = 84C71E421C8649A400E5EC98;
			productRefGroup = 84C71E4C1C8649A400E5EC98 /* Products */;
			projectDirPath = "";
			projectRoot = "";
			targets = (
				84C71E4A1C8649A400E5EC98 /* PuzPortler */,
			);
		};
/* End PBXProject section */

/* Begin PBXResourcesBuildPhase section */
		84C71E491C8649A400E5EC98 /* Resources */ = {
			isa = PBXResourcesBuildPhase;
			buildActionMask = 2147483647;
			files = (
				CB14D1011CCF6D1800E576A3 /* background-music-aac.caf in Resources */,
				CB52D37A1CCDBE8100CBDF16 /* GameScene3.sks in Resources */,
				CB14D0FD1CCF550D00E576A3 /* confetti.png in Resources */,
				CB8011981CE1668A006EB953 /* HomeScreenTheme.wav in Resources */,
				CB8011931CE16641006EB953 /* Area4.wav in Resources */,
				CB8011921CE16641006EB953 /* Area3.wav in Resources */,
				84C71E511C8649A400E5EC98 /* GameScene1.sks in Resources */,
				CB1C4E891CCF1C7A00E84E8E /* GameScene5.sks in Resources */,
				CB52D3781CCDBE7B00CBDF16 /* GameScene2.sks in Resources */,
				CB1C4E831CCEF98F00E84E8E /* ObjectiveAnimation.sks in Resources */,
				CB8011A21CE16C4B006EB953 /* GameScene9.sks in Resources */,
				84C71E5D1C8649A400E5EC98 /* LaunchScreen.storyboard in Resources */,
				CB8011911CE16641006EB953 /* Area2.wav in Resources */,
				CB14D1051CCF6EE100E576A3 /* clickSparkle.mp3 in Resources */,
				67BE95F31CBD3CF900FFDA75 /* TintRed.fsh in Resources */,
				CB14D1031CCF6DBE00E576A3 /* superWoosh.wav in Resources */,
				CB8011901CE16641006EB953 /* Area1.wav in Resources */,
				CB14D0FF1CCF6C7200E576A3 /* RussianSailorDance.mp3 in Resources */,
				CB8011A11CE16C4B006EB953 /* GameScene8.sks in Resources */,
				CB8011A01CE16C4B006EB953 /* GameScene7.sks in Resources */,
				67BE95F51CBD3DF600FFDA75 /* WaterRipple.fsh in Resources */,
				CB8011951CE16641006EB953 /* Credits.wav in Resources */,
				CB8011941CE16641006EB953 /* BossMusic.wav in Resources */,
				CB8011A31CE16C4B006EB953 /* GameScene10.sks in Resources */,
				CB14D1071CCF6F9E00E576A3 /* menuClick.wav in Resources */,
				CB8011961CE16641006EB953 /* IntenseLevelMusic.wav in Resources */,
				CB1C4E881CCF1C7A00E84E8E /* GameScene4.sks in Resources */,
				84C71E5A1C8649A400E5EC98 /* Assets.xcassets in Resources */,
				CB14D0F81CCF52CA00E576A3 /* ParticleEffect.scnp in Resources */,
				CB14D0FC1CCF550D00E576A3 /* Confetti.scnp in Resources */,
				84C71E581C8649A400E5EC98 /* Main.storyboard in Resources */,
				CB80119B1CE16B77006EB953 /* GameScene6.sks in Resources */,
			);
			runOnlyForDeploymentPostprocessing = 0;
		};
/* End PBXResourcesBuildPhase section */

/* Begin PBXSourcesBuildPhase section */
		84C71E471C8649A400E5EC98 /* Sources */ = {
			isa = PBXSourcesBuildPhase;
			buildActionMask = 2147483647;
			files = (
				84C71E531C8649A400E5EC98 /* GameScene.swift in Sources */,
				CB52D37D1CCDC50700CBDF16 /* Portal.swift in Sources */,
				8469F0FD1CB6091F00605CA5 /* DefaultsManager.swift in Sources */,
				8425D6EC1C865BAF0018182D /* CGPoint+Extensions.swift in Sources */,
				8425D6F51C865BAF0018182D /* SKTTimingFunctions.swift in Sources */,
				8425D6F41C865BAF0018182D /* SKTEffects.swift in Sources */,
				8425D6F01C865BAF0018182D /* SKAction+SpecialEffects.swift in Sources */,
				8425D6ED1C865BAF0018182D /* CGVector+Extensions.swift in Sources */,
				8425D6EF1C865BAF0018182D /* SKAction+Extensions.swift in Sources */,
				8425D6F11C865BAF0018182D /* SKColor+Extensions.swift in Sources */,
				84C71E551C8649A400E5EC98 /* GameViewController.swift in Sources */,
				8425D6EE1C865BAF0018182D /* Int+Extensions.swift in Sources */,
				8425D6F21C865BAF0018182D /* SKNode+Extensions.swift in Sources */,
				8425D6F31C865BAF0018182D /* SKTAudio.swift in Sources */,
				8469F0FF1CB6095300605CA5 /* MotionManager.swift in Sources */,
				CB52D3761CCDB5D700CBDF16 /* HomeScene.swift in Sources */,
				8425D6EB1C865BAF0018182D /* CGFloat+Extensions.swift in Sources */,
				8425D6F61C865BAF0018182D /* Vector3.swift in Sources */,
				84C71E4F1C8649A400E5EC98 /* AppDelegate.swift in Sources */,
				8469F0F71CB5F90200605CA5 /* MyUtils.swift in Sources */,
				CB1A25DB1CCF3CDC0050C659 /* StageSelect.swift in Sources */,
			);
			runOnlyForDeploymentPostprocessing = 0;
		};
/* End PBXSourcesBuildPhase section */

/* Begin PBXVariantGroup section */
		84C71E561C8649A400E5EC98 /* Main.storyboard */ = {
			isa = PBXVariantGroup;
			children = (
				84C71E571C8649A400E5EC98 /* Base */,
			);
			name = Main.storyboard;
			sourceTree = "<group>";
		};
		84C71E5B1C8649A400E5EC98 /* LaunchScreen.storyboard */ = {
			isa = PBXVariantGroup;
			children = (
				84C71E5C1C8649A400E5EC98 /* Base */,
			);
			name = LaunchScreen.storyboard;
			sourceTree = "<group>";
		};
/* End PBXVariantGroup section */

/* Begin XCBuildConfiguration section */
		84C71E5F1C8649A400E5EC98 /* Debug */ = {
			isa = XCBuildConfiguration;
			buildSettings = {
				ALWAYS_SEARCH_USER_PATHS = NO;
				CLANG_CXX_LANGUAGE_STANDARD = "gnu++0x";
				CLANG_CXX_LIBRARY = "libc++";
				CLANG_ENABLE_MODULES = YES;
				CLANG_ENABLE_OBJC_ARC = YES;
				CLANG_WARN_BOOL_CONVERSION = YES;
				CLANG_WARN_CONSTANT_CONVERSION = YES;
				CLANG_WARN_DIRECT_OBJC_ISA_USAGE = YES_ERROR;
				CLANG_WARN_EMPTY_BODY = YES;
				CLANG_WARN_ENUM_CONVERSION = YES;
				CLANG_WARN_INT_CONVERSION = YES;
				CLANG_WARN_OBJC_ROOT_CLASS = YES_ERROR;
				CLANG_WARN_UNREACHABLE_CODE = YES;
				CLANG_WARN__DUPLICATE_METHOD_MATCH = YES;
				"CODE_SIGN_IDENTITY[sdk=iphoneos*]" = "iPhone Developer";
				COPY_PHASE_STRIP = NO;
				DEBUG_INFORMATION_FORMAT = "dwarf-with-dsym";
				ENABLE_STRICT_OBJC_MSGSEND = YES;
				ENABLE_TESTABILITY = YES;
				GCC_C_LANGUAGE_STANDARD = gnu99;
				GCC_DYNAMIC_NO_PIC = NO;
				GCC_NO_COMMON_BLOCKS = YES;
				GCC_OPTIMIZATION_LEVEL = 0;
				GCC_PREPROCESSOR_DEFINITIONS = (
					"DEBUG=1",
					"$(inherited)",
				);
				GCC_WARN_64_TO_32_BIT_CONVERSION = YES;
				GCC_WARN_ABOUT_RETURN_TYPE = YES_ERROR;
				GCC_WARN_UNDECLARED_SELECTOR = YES;
				GCC_WARN_UNINITIALIZED_AUTOS = YES_AGGRESSIVE;
				GCC_WARN_UNUSED_FUNCTION = YES;
				GCC_WARN_UNUSED_VARIABLE = YES;
				IPHONEOS_DEPLOYMENT_TARGET = 9.2;
				MTL_ENABLE_DEBUG_INFO = YES;
				ONLY_ACTIVE_ARCH = YES;
				SDKROOT = iphoneos;
				SWIFT_OPTIMIZATION_LEVEL = "-Onone";
				TARGETED_DEVICE_FAMILY = 2;
			};
			name = Debug;
		};
		84C71E601C8649A400E5EC98 /* Release */ = {
			isa = XCBuildConfiguration;
			buildSettings = {
				ALWAYS_SEARCH_USER_PATHS = NO;
				CLANG_CXX_LANGUAGE_STANDARD = "gnu++0x";
				CLANG_CXX_LIBRARY = "libc++";
				CLANG_ENABLE_MODULES = YES;
				CLANG_ENABLE_OBJC_ARC = YES;
				CLANG_WARN_BOOL_CONVERSION = YES;
				CLANG_WARN_CONSTANT_CONVERSION = YES;
				CLANG_WARN_DIRECT_OBJC_ISA_USAGE = YES_ERROR;
				CLANG_WARN_EMPTY_BODY = YES;
				CLANG_WARN_ENUM_CONVERSION = YES;
				CLANG_WARN_INT_CONVERSION = YES;
				CLANG_WARN_OBJC_ROOT_CLASS = YES_ERROR;
				CLANG_WARN_UNREACHABLE_CODE = YES;
				CLANG_WARN__DUPLICATE_METHOD_MATCH = YES;
				"CODE_SIGN_IDENTITY[sdk=iphoneos*]" = "iPhone Developer";
				COPY_PHASE_STRIP = NO;
				DEBUG_INFORMATION_FORMAT = "dwarf-with-dsym";
				ENABLE_NS_ASSERTIONS = NO;
				ENABLE_STRICT_OBJC_MSGSEND = YES;
				GCC_C_LANGUAGE_STANDARD = gnu99;
				GCC_NO_COMMON_BLOCKS = YES;
				GCC_WARN_64_TO_32_BIT_CONVERSION = YES;
				GCC_WARN_ABOUT_RETURN_TYPE = YES_ERROR;
				GCC_WARN_UNDECLARED_SELECTOR = YES;
				GCC_WARN_UNINITIALIZED_AUTOS = YES_AGGRESSIVE;
				GCC_WARN_UNUSED_FUNCTION = YES;
				GCC_WARN_UNUSED_VARIABLE = YES;
				IPHONEOS_DEPLOYMENT_TARGET = 9.2;
				MTL_ENABLE_DEBUG_INFO = NO;
				SDKROOT = iphoneos;
				TARGETED_DEVICE_FAMILY = 2;
				VALIDATE_PRODUCT = YES;
			};
			name = Release;
		};
		84C71E621C8649A400E5EC98 /* Debug */ = {
			isa = XCBuildConfiguration;
			buildSettings = {
				ASSETCATALOG_COMPILER_APPICON_NAME = AppIcon;
				CODE_SIGN_IDENTITY = "iPhone Developer";
				"CODE_SIGN_IDENTITY[sdk=iphoneos*]" = "iPhone Developer";
				INFOPLIST_FILE = PhysicsPlayground/Info.plist;
				LD_RUNPATH_SEARCH_PATHS = "$(inherited) @executable_path/Frameworks";
				PRODUCT_BUNDLE_IDENTIFIER = com.effectuator.PhysicsPlayground;
				PRODUCT_NAME = PuzPortler;
				PROVISIONING_PROFILE = "";
				TARGETED_DEVICE_FAMILY = "1,2";
			};
			name = Debug;
		};
		84C71E631C8649A400E5EC98 /* Release */ = {
			isa = XCBuildConfiguration;
			buildSettings = {
				ASSETCATALOG_COMPILER_APPICON_NAME = AppIcon;
				CODE_SIGN_IDENTITY = "iPhone Developer";
				"CODE_SIGN_IDENTITY[sdk=iphoneos*]" = "iPhone Developer";
				INFOPLIST_FILE = PhysicsPlayground/Info.plist;
				LD_RUNPATH_SEARCH_PATHS = "$(inherited) @executable_path/Frameworks";
				PRODUCT_BUNDLE_IDENTIFIER = com.effectuator.PhysicsPlayground;
				PRODUCT_NAME = PuzPortler;
				PROVISIONING_PROFILE = "";
				TARGETED_DEVICE_FAMILY = "1,2";
			};
			name = Release;
		};
/* End XCBuildConfiguration section */

/* Begin XCConfigurationList section */
		84C71E461C8649A400E5EC98 /* Build configuration list for PBXProject "PuzPortler" */ = {
			isa = XCConfigurationList;
			buildConfigurations = (
				84C71E5F1C8649A400E5EC98 /* Debug */,
				84C71E601C8649A400E5EC98 /* Release */,
			);
			defaultConfigurationIsVisible = 0;
			defaultConfigurationName = Release;
		};
		84C71E611C8649A400E5EC98 /* Build configuration list for PBXNativeTarget "PuzPortler" */ = {
			isa = XCConfigurationList;
			buildConfigurations = (
				84C71E621C8649A400E5EC98 /* Debug */,
				84C71E631C8649A400E5EC98 /* Release */,
			);
			defaultConfigurationIsVisible = 0;
			defaultConfigurationName = Release;
		};
/* End XCConfigurationList section */
	};
	rootObject = 84C71E431C8649A400E5EC98 /* Project object */;
}
